{
  "nodes": {
    "flake-utils": {
      "locked": {
        "lastModified": 1667395993,
        "narHash": "sha256-nuEHfE/LcWyuSWnS8t12N1wc105Qtau+/OdUAjtQ0rA=",
        "owner": "numtide",
        "repo": "flake-utils",
        "rev": "5aed5285a952e0b949eb3ba02c12fa4fcfef535f",
        "type": "github"
      },
      "original": {
        "owner": "numtide",
        "repo": "flake-utils",
        "type": "github"
      }
    },
    "nixpkgs": {
      "locked": {
        "lastModified": 1683236849,
        "narHash": "sha256-Y7PNBVLOBvZrmrFmHgXUBUA1lM72tl6JGIn1trOeuyE=",
        "owner": "NixOS",
        "repo": "nixpkgs",
        "rev": "374ffe54403c3c42d97a513ac7a14ce1b5b86e30",
        "type": "github"
      },
      "original": {
        "id": "nixpkgs",
        "type": "indirect"
      }
    },
    "root": {
      "inputs": {
        "flake-utils": "flake-utils",
        "nixpkgs": "nixpkgs",
        "rust-overlay": "rust-overlay"
      }
    },
    "rust-overlay": {
      "inputs": {
        "flake-utils": [
          "flake-utils"
        ],
        "nixpkgs": [
          "nixpkgs"
        ]
      },
      "locked": {
        "lastModified": 1674095406,
        "narHash": "sha256-RexH/1rZTiX4OhdYkuJP3MuANJ+JRgoLKL60iHm//T0=",
        "owner": "oxalica",
        "repo": "rust-overlay",
        "rev": "5f7315b9800e2e500e6834767a57e39f7dbfd495",
        "type": "github"
      },
      "original": {
        "owner": "oxalica",
        "repo": "rust-overlay",
        "type": "github"
      }
    }
  },
  "root": "root",
  "version": 7
}
