{
    "name": "jj",
    "lockfileVersion": 3,
    "requires": true,
    "packages": {
        "": {
            "devDependencies": {
                "prettier": "3.2.5",
                "prettier-plugin-sh": "0.14.0",
                "prettier-plugin-toml": "2.0.1"
            }
        },
        "node_modules/@taplo/core": {
            "version": "0.1.1",
            "resolved": "https://registry.npmjs.org/@taplo/core/-/core-0.1.1.tgz",
            "integrity": "sha512-BG/zLGf5wiNXGEVPvUAAX/4ilB3PwDUY2o0MV0y47mZbDZ9ad9UK/cIQsILat3bqbPJsALVbU6k3cskNZ3vAQg==",
            "dev": true
        },
        "node_modules/@taplo/lib": {
            "version": "0.4.0-alpha.2",
            "resolved": "https://registry.npmjs.org/@taplo/lib/-/lib-0.4.0-alpha.2.tgz",
            "integrity": "sha512-DV/Re3DPVY+BhBtLZ3dmP4mP6YMLSsgq9qGLXwOV38lvNF/fBlgvQswzlXmzCEefL/3q2eMoefZpOI/+GLuCNA==",
            "dev": true,
            "dependencies": {
                "@taplo/core": "^0.1.0"
            }
        },
        "node_modules/mvdan-sh": {
            "version": "0.10.1",
            "resolved": "https://registry.npmjs.org/mvdan-sh/-/mvdan-sh-0.10.1.tgz",
            "integrity": "sha512-kMbrH0EObaKmK3nVRKUIIya1dpASHIEusM13S4V1ViHFuxuNxCo+arxoa6j/dbV22YBGjl7UKJm9QQKJ2Crzhg==",
            "dev": true
        },
        "node_modules/prettier": {
            "version": "3.2.5",
            "resolved": "https://registry.npmjs.org/prettier/-/prettier-3.2.5.tgz",
            "integrity": "sha512-3/GWa9aOC0YeD7LUfvOG2NiDyhOWRvt1k+rcKhOuYnMY24iiCphgneUfJDyFXd6rZCAnuLBv6UeAULtrhT/F4A==",
            "dev": true,
            "bin": {
                "prettier": "bin/prettier.cjs"
            },
            "engines": {
                "node": ">=14"
            },
            "funding": {
                "url": "https://github.com/prettier/prettier?sponsor=1"
            }
        },
        "node_modules/prettier-plugin-sh": {
            "version": "0.14.0",
            "resolved": "https://registry.npmjs.org/prettier-plugin-sh/-/prettier-plugin-sh-0.14.0.tgz",
            "integrity": "sha512-hfXulj5+zEl/ulrO5kMuuTPKmXvOg0bnLHY1hKFNN/N+/903iZbNp8NyZBTsgI8dtkSgFfAEIQq0IQTyP1ZVFQ==",
            "dev": true,
            "dependencies": {
                "mvdan-sh": "^0.10.1",
                "sh-syntax": "^0.4.1"
            },
            "engines": {
                "node": ">=16.0.0"
            },
            "funding": {
                "url": "https://opencollective.com/unts"
            },
            "peerDependencies": {
                "prettier": "^3.0.3"
            }
        },
        "node_modules/prettier-plugin-toml": {
            "version": "2.0.1",
            "resolved": "https://registry.npmjs.org/prettier-plugin-toml/-/prettier-plugin-toml-2.0.1.tgz",
            "integrity": "sha512-99z1YOkViECHtXQjGIigd3talI/ybUI1zB3yniAwUrlWBXupNXThB1hM6bwSMUEj2/+tomTlMtT98F5t4s8IWA==",
            "dev": true,
            "dependencies": {
                "@taplo/lib": "^0.4.0-alpha.2"
            },
            "engines": {
                "node": ">=16.0.0"
            },
            "funding": {
                "url": "https://opencollective.com/unts"
            },
            "peerDependencies": {
                "prettier": "^3.0.3"
            }
        },
        "node_modules/sh-syntax": {
            "version": "0.4.2",
            "resolved": "https://registry.npmjs.org/sh-syntax/-/sh-syntax-0.4.2.tgz",
            "integrity": "sha512-/l2UZ5fhGZLVZa16XQM9/Vq/hezGGbdHeVEA01uWjOL1+7Ek/gt6FquW0iKKws4a9AYPYvlz6RyVvjh3JxOteg==",
            "dev": true,
            "dependencies": {
                "tslib": "^2.6.2"
            },
            "engines": {
                "node": ">=16.0.0"
            },
            "funding": {
                "url": "https://opencollective.com/unts"
            }
        },
        "node_modules/tslib": {
            "version": "2.6.2",
            "resolved": "https://registry.npmjs.org/tslib/-/tslib-2.6.2.tgz",
            "integrity": "sha512-AEYxH93jGFPn/a2iVAwW87VuUIkR1FVUKB77NwMF7nBTDkDrrT/Hpt/IrCJ0QXhW27jTBDcf5ZY7w6RiqTMw2Q==",
            "dev": true
        }
    }
}
